<<<<<<< HEAD
﻿
Microsoft Visual Studio Solution File, Format Version 11.00
# Visual Studio 2010
Project("{FAE04EC0-301F-11D3-BF4B-00C04F79EFBC}") = "SFG Inside", "Assembly-CSharp.csproj", "{A4F70316-E475-D370-A96A-B97918E42B96}"
EndProject
Global
	GlobalSection(SolutionConfigurationPlatforms) = preSolution
		Debug|Any CPU = Debug|Any CPU
		Release|Any CPU = Release|Any CPU
	EndGlobalSection
	GlobalSection(ProjectConfigurationPlatforms) = postSolution
		{A4F70316-E475-D370-A96A-B97918E42B96}.Debug|Any CPU.ActiveCfg = Debug|Any CPU
		{A4F70316-E475-D370-A96A-B97918E42B96}.Debug|Any CPU.Build.0 = Debug|Any CPU
		{A4F70316-E475-D370-A96A-B97918E42B96}.Release|Any CPU.ActiveCfg = Release|Any CPU
		{A4F70316-E475-D370-A96A-B97918E42B96}.Release|Any CPU.Build.0 = Release|Any CPU
	EndGlobalSection
	GlobalSection(SolutionProperties) = preSolution
		HideSolutionNode = FALSE
	EndGlobalSection
	GlobalSection(MonoDevelopProperties) = preSolution
		StartupItem = Assembly-CSharp.csproj
	EndGlobalSection
EndGlobal
=======
﻿
Microsoft Visual Studio Solution File, Format Version 12.00
# Visual Studio 15
Project("{FAE04EC0-301F-11D3-BF4B-00C04F79EFBC}") = "SFG Inside", "SFG Inside.csproj", "{4CB0709A-E375-D681-7A65-7312986A31BA}"
EndProject
Global
	GlobalSection(SolutionConfigurationPlatforms) = preSolution
		Debug|Any CPU = Debug|Any CPU
		Release|Any CPU = Release|Any CPU
	EndGlobalSection
	GlobalSection(ProjectConfigurationPlatforms) = postSolution
		{4CB0709A-E375-D681-7A65-7312986A31BA}.Debug|Any CPU.ActiveCfg = Debug|Any CPU
		{4CB0709A-E375-D681-7A65-7312986A31BA}.Debug|Any CPU.Build.0 = Debug|Any CPU
		{4CB0709A-E375-D681-7A65-7312986A31BA}.Release|Any CPU.ActiveCfg = Release|Any CPU
		{4CB0709A-E375-D681-7A65-7312986A31BA}.Release|Any CPU.Build.0 = Release|Any CPU
	EndGlobalSection
	GlobalSection(SolutionProperties) = preSolution
		HideSolutionNode = FALSE
	EndGlobalSection
EndGlobal
>>>>>>> 3088c01e061f39a19ac5fb6b393a911942b5346d
